
Microsoft Visual Studio Solution File, Format Version 12.00
# Visual Studio Version 17
VisualStudioVersion = 17.0.31903.59
MinimumVisualStudioVersion = 10.0.40219.1
Project("{2150E333-8FDC-42A3-9474-1A3956D46DE8}") = "backend", "backend", "{1AE8ACA6-933B-BF2A-3671-3E2EAC007D16}"
EndProject
Project("{2150E333-8FDC-42A3-9474-1A3956D46DE8}") = "src", "src", "{0F9113EE-888A-26D2-68B0-4A7D0A2A8745}"
EndProject
Project("{2150E333-8FDC-42A3-9474-1A3956D46DE8}") = "docs", "docs", "{208BA388-4CEE-2CBF-559C-5607C099C1F8}"
	ProjectSection(SolutionItems) = preProject
		docs\README.md = docs\README.md
	EndProjectSection
EndProject
Project("{2150E333-8FDC-42A3-9474-1A3956D46DE8}") = "00-vision", "00-vision", "{D1A1A1A1-0000-0000-0000-000000000001}"
	ProjectSection(SolutionItems) = preProject
		docs\00-vision\README.md = docs\00-vision\README.md
		docs\00-vision\roadmap.md = docs\00-vision\roadmap.md
	EndProjectSection
EndProject
Project("{2150E333-8FDC-42A3-9474-1A3956D46DE8}") = "01-architecture", "01-architecture", "{D1A1A1A1-0000-0000-0000-000000000002}"
	ProjectSection(SolutionItems) = preProject
		docs\01-architecture\README.md = docs\01-architecture\README.md
		docs\01-architecture\frontend.md = docs\01-architecture\frontend.md
		docs\01-architecture\multisite.md = docs\01-architecture\multisite.md
	EndProjectSection
EndProject
Project("{2150E333-8FDC-42A3-9474-1A3956D46DE8}") = "adr", "adr", "{D1A1A1A1-0000-0000-0000-000000000003}"
	ProjectSection(SolutionItems) = preProject
		docs\01-architecture\adr\0001-audience-based-multisite.md = docs\01-architecture\adr\0001-audience-based-multisite.md
		docs\01-architecture\adr\001-storage-bind-mounts.md = docs\01-architecture\adr\001-storage-bind-mounts.md
		docs\01-architecture\adr\002-google-auth-only.md = docs\01-architecture\adr\002-google-auth-only.md
		docs\01-architecture\adr\003-work-edition-model.md = docs\01-architecture\adr\003-work-edition-model.md
		docs\01-architecture\adr\004-postgres-fts.md = docs\01-architecture\adr\004-postgres-fts.md
		docs\01-architecture\adr\005-multisite-resolution.md = docs\01-architecture\adr\005-multisite-resolution.md
		docs\01-architecture\adr\006-modular-monolith.md = docs\01-architecture\adr\006-modular-monolith.md
	EndProjectSection
EndProject
Project("{2150E333-8FDC-42A3-9474-1A3956D46DE8}") = "02-system", "02-system", "{D1A1A1A1-0000-0000-0000-000000000004}"
	ProjectSection(SolutionItems) = preProject
		docs\02-system\admin.md = docs\02-system\admin.md
		docs\02-system\api.md = docs\02-system\api.md
		docs\02-system\database.dbml = docs\02-system\database.dbml
		docs\02-system\database.md = docs\02-system\database.md
		docs\02-system\ingestion.md = docs\02-system\ingestion.md
		docs\02-system\reader.md = docs\02-system\reader.md
	EndProjectSection
EndProject
Project("{2150E333-8FDC-42A3-9474-1A3956D46DE8}") = "03-ops", "03-ops", "{D1A1A1A1-0000-0000-0000-000000000005}"
	ProjectSection(SolutionItems) = preProject
		docs\03-ops\backup.md = docs\03-ops\backup.md
		docs\03-ops\local-dev.md = docs\03-ops\local-dev.md
	EndProjectSection
EndProject
Project("{2150E333-8FDC-42A3-9474-1A3956D46DE8}") = "04-dev", "04-dev", "{D1A1A1A1-0000-0000-0000-000000000006}"
	ProjectSection(SolutionItems) = preProject
		docs\04-dev\chatgpt-workflow.md = docs\04-dev\chatgpt-workflow.md
		docs\04-dev\security.md = docs\04-dev\security.md
		docs\04-dev\testing.md = docs\04-dev\testing.md
	EndProjectSection
EndProject
Project("{2150E333-8FDC-42A3-9474-1A3956D46DE8}") = "05-features", "05-features", "{D1A1A1A1-0000-0000-0000-000000000007}"
	ProjectSection(SolutionItems) = preProject
		docs\05-features\feat-0002-multisite-general-programming.md = docs\05-features\feat-0002-multisite-general-programming.md
		docs\05-features\feat-0003-text-extraction-core.md = docs\05-features\feat-0003-text-extraction-core.md
		docs\05-features\feat-0004-site-resolver-host.md = docs\05-features\feat-0004-site-resolver-host.md
		docs\05-features\feat-0005-observability-opentelemetry.md = docs\05-features\feat-0005-observability-opentelemetry.md
	EndProjectSection
EndProject
Project("{2150E333-8FDC-42A3-9474-1A3956D46DE8}") = "archive", "archive", "{D1A1A1A1-0000-0000-0000-000000000008}"
	ProjectSection(SolutionItems) = preProject
		docs\archive\architecture-multilang.md = docs\archive\architecture-multilang.md
		docs\archive\books_app_specs_en.md = docs\archive\books_app_specs_en.md
		docs\archive\db-multilang.md = docs\archive\db-multilang.md
	EndProjectSection
EndProject
Project("{2150E333-8FDC-42A3-9474-1A3956D46DE8}") = "Solution Items", "Solution Items", "{089100B1-113F-4E66-888A-E83F3999EAFD}"
	ProjectSection(SolutionItems) = preProject
		README.md = README.md
		CHANGELOG.md = CHANGELOG.md
		CLAUDE.md = CLAUDE.md
		.env = .env
		docker-compose.yml = docker-compose.yml
		.gitignore = .gitignore
	EndProjectSection
EndProject
Project("{2150E333-8FDC-42A3-9474-1A3956D46DE8}") = "web", "web", "{256F4E96-6A73-9ABE-786F-840C672A50F4}"
	ProjectSection(SolutionItems) = preProject
		apps\web\package.json = apps\web\package.json
		apps\web\tsconfig.json = apps\web\tsconfig.json
		apps\web\vite.config.ts = apps\web\vite.config.ts
		apps\web\index.html = apps\web\index.html
	EndProjectSection
EndProject
Project("{2150E333-8FDC-42A3-9474-1A3956D46DE8}") = "admin", "admin", "{08363F22-23A7-70B7-557A-C076A2D48378}"
	ProjectSection(SolutionItems) = preProject
		apps\admin\package.json = apps\admin\package.json
		apps\admin\tsconfig.json = apps\admin\tsconfig.json
		apps\admin\vite.config.ts = apps\admin\vite.config.ts
		apps\admin\index.html = apps\admin\index.html
	EndProjectSection
EndProject
Project("{2150E333-8FDC-42A3-9474-1A3956D46DE8}") = "docker", "docker", "{5F3F916C-0321-8A9F-8AC0-501F442D9F72}"
	ProjectSection(SolutionItems) = preProject
		backend\Docker\Api.Dockerfile = backend\Docker\Api.Dockerfile
		backend\Docker\Worker.Dockerfile = backend\Docker\Worker.Dockerfile
		backend\Docker\Migrator.Dockerfile = backend\Docker\Migrator.Dockerfile
	EndProjectSection
EndProject
Project("{FAE04EC0-301F-11D3-BF4B-00C04F79EFBC}") = "Api", "backend\src\Api\Api.csproj", "{8423791E-B092-4766-97A6-1FAD65B23A96}"
EndProject
Project("{FAE04EC0-301F-11D3-BF4B-00C04F79EFBC}") = "Infrastructure", "backend\src\Infrastructure\Infrastructure.csproj", "{87417921-0C66-4A75-9E09-E9169C187BC2}"
EndProject
Project("{FAE04EC0-301F-11D3-BF4B-00C04F79EFBC}") = "Domain", "backend\src\Domain\Domain.csproj", "{8B443B5B-B74A-4E99-B1D6-264A7EA64788}"
EndProject
Project("{FAE04EC0-301F-11D3-BF4B-00C04F79EFBC}") = "Contracts", "backend\src\Contracts\Contracts.csproj", "{A2C44F5B-1945-4125-BBCE-694D5C8F59EE}"
EndProject
Project("{FAE04EC0-301F-11D3-BF4B-00C04F79EFBC}") = "Worker", "backend\src\Worker\Worker.csproj", "{941C36A0-AE7A-4F6D-99D2-7D04F5609F58}"
EndProject
Project("{2150E333-8FDC-42A3-9474-1A3956D46DE8}") = "tests", "tests", "{0AB3BF05-4346-4AA6-1389-037BE0695223}"
EndProject
Project("{FAE04EC0-301F-11D3-BF4B-00C04F79EFBC}") = "Application", "backend\src\Application\Application.csproj", "{262C35D6-B075-4580-A80B-28CCD43709D1}"
EndProject
Project("{FAE04EC0-301F-11D3-BF4B-00C04F79EFBC}") = "TextStack.IntegrationTests", "tests\TextStack.IntegrationTests\TextStack.IntegrationTests.csproj", "{223A03B1-3C2C-4486-BC26-36DE407D1EBE}"
EndProject
Project("{FAE04EC0-301F-11D3-BF4B-00C04F79EFBC}") = "TextStack.Extraction", "backend\src\Extraction\TextStack.Extraction\TextStack.Extraction.csproj", "{4D0BF86F-ED3E-4E11-8D96-97ADD5B49565}"
EndProject
Project("{FAE04EC0-301F-11D3-BF4B-00C04F79EFBC}") = "TextStack.Extraction.Tests", "tests\TextStack.Extraction.Tests\TextStack.Extraction.Tests.csproj", "{7D8B2C66-D0F9-40B0-95B3-EF93F1E90608}"
EndProject
Project("{FAE04EC0-301F-11D3-BF4B-00C04F79EFBC}") = "TextStack.Search", "backend\src\Search\TextStack.Search\TextStack.Search.csproj", "{E10BF2FD-EB2F-45CC-832F-F8BA600C2A8D}"
EndProject
Project("{FAE04EC0-301F-11D3-BF4B-00C04F79EFBC}") = "TextStack.Search.Tests", "tests\TextStack.Search.Tests\TextStack.Search.Tests.csproj", "{1E630E63-0D04-451F-BBE9-F21BE653058B}"
EndProject
Global
	GlobalSection(SolutionConfigurationPlatforms) = preSolution
		Debug|Any CPU = Debug|Any CPU
		Debug|x64 = Debug|x64
		Debug|x86 = Debug|x86
		Release|Any CPU = Release|Any CPU
		Release|x64 = Release|x64
		Release|x86 = Release|x86
	EndGlobalSection
	GlobalSection(ProjectConfigurationPlatforms) = postSolution
		{8423791E-B092-4766-97A6-1FAD65B23A96}.Debug|Any CPU.ActiveCfg = Debug|Any CPU
		{8423791E-B092-4766-97A6-1FAD65B23A96}.Debug|Any CPU.Build.0 = Debug|Any CPU
		{8423791E-B092-4766-97A6-1FAD65B23A96}.Debug|x64.ActiveCfg = Debug|Any CPU
		{8423791E-B092-4766-97A6-1FAD65B23A96}.Debug|x64.Build.0 = Debug|Any CPU
		{8423791E-B092-4766-97A6-1FAD65B23A96}.Debug|x86.ActiveCfg = Debug|Any CPU
		{8423791E-B092-4766-97A6-1FAD65B23A96}.Debug|x86.Build.0 = Debug|Any CPU
		{8423791E-B092-4766-97A6-1FAD65B23A96}.Release|Any CPU.ActiveCfg = Release|Any CPU
		{8423791E-B092-4766-97A6-1FAD65B23A96}.Release|Any CPU.Build.0 = Release|Any CPU
		{8423791E-B092-4766-97A6-1FAD65B23A96}.Release|x64.ActiveCfg = Release|Any CPU
		{8423791E-B092-4766-97A6-1FAD65B23A96}.Release|x64.Build.0 = Release|Any CPU
		{8423791E-B092-4766-97A6-1FAD65B23A96}.Release|x86.ActiveCfg = Release|Any CPU
		{8423791E-B092-4766-97A6-1FAD65B23A96}.Release|x86.Build.0 = Release|Any CPU
		{87417921-0C66-4A75-9E09-E9169C187BC2}.Debug|Any CPU.ActiveCfg = Debug|Any CPU
		{87417921-0C66-4A75-9E09-E9169C187BC2}.Debug|Any CPU.Build.0 = Debug|Any CPU
		{87417921-0C66-4A75-9E09-E9169C187BC2}.Debug|x64.ActiveCfg = Debug|Any CPU
		{87417921-0C66-4A75-9E09-E9169C187BC2}.Debug|x64.Build.0 = Debug|Any CPU
		{87417921-0C66-4A75-9E09-E9169C187BC2}.Debug|x86.ActiveCfg = Debug|Any CPU
		{87417921-0C66-4A75-9E09-E9169C187BC2}.Debug|x86.Build.0 = Debug|Any CPU
		{87417921-0C66-4A75-9E09-E9169C187BC2}.Release|Any CPU.ActiveCfg = Release|Any CPU
		{87417921-0C66-4A75-9E09-E9169C187BC2}.Release|Any CPU.Build.0 = Release|Any CPU
		{87417921-0C66-4A75-9E09-E9169C187BC2}.Release|x64.ActiveCfg = Release|Any CPU
		{87417921-0C66-4A75-9E09-E9169C187BC2}.Release|x64.Build.0 = Release|Any CPU
		{87417921-0C66-4A75-9E09-E9169C187BC2}.Release|x86.ActiveCfg = Release|Any CPU
		{87417921-0C66-4A75-9E09-E9169C187BC2}.Release|x86.Build.0 = Release|Any CPU
		{8B443B5B-B74A-4E99-B1D6-264A7EA64788}.Debug|Any CPU.ActiveCfg = Debug|Any CPU
		{8B443B5B-B74A-4E99-B1D6-264A7EA64788}.Debug|Any CPU.Build.0 = Debug|Any CPU
		{8B443B5B-B74A-4E99-B1D6-264A7EA64788}.Debug|x64.ActiveCfg = Debug|Any CPU
		{8B443B5B-B74A-4E99-B1D6-264A7EA64788}.Debug|x64.Build.0 = Debug|Any CPU
		{8B443B5B-B74A-4E99-B1D6-264A7EA64788}.Debug|x86.ActiveCfg = Debug|Any CPU
		{8B443B5B-B74A-4E99-B1D6-264A7EA64788}.Debug|x86.Build.0 = Debug|Any CPU
		{8B443B5B-B74A-4E99-B1D6-264A7EA64788}.Release|Any CPU.ActiveCfg = Release|Any CPU
		{8B443B5B-B74A-4E99-B1D6-264A7EA64788}.Release|Any CPU.Build.0 = Release|Any CPU
		{8B443B5B-B74A-4E99-B1D6-264A7EA64788}.Release|x64.ActiveCfg = Release|Any CPU
		{8B443B5B-B74A-4E99-B1D6-264A7EA64788}.Release|x64.Build.0 = Release|Any CPU
		{8B443B5B-B74A-4E99-B1D6-264A7EA64788}.Release|x86.ActiveCfg = Release|Any CPU
		{8B443B5B-B74A-4E99-B1D6-264A7EA64788}.Release|x86.Build.0 = Release|Any CPU
		{A2C44F5B-1945-4125-BBCE-694D5C8F59EE}.Debug|Any CPU.ActiveCfg = Debug|Any CPU
		{A2C44F5B-1945-4125-BBCE-694D5C8F59EE}.Debug|Any CPU.Build.0 = Debug|Any CPU
		{A2C44F5B-1945-4125-BBCE-694D5C8F59EE}.Debug|x64.ActiveCfg = Debug|Any CPU
		{A2C44F5B-1945-4125-BBCE-694D5C8F59EE}.Debug|x64.Build.0 = Debug|Any CPU
		{A2C44F5B-1945-4125-BBCE-694D5C8F59EE}.Debug|x86.ActiveCfg = Debug|Any CPU
		{A2C44F5B-1945-4125-BBCE-694D5C8F59EE}.Debug|x86.Build.0 = Debug|Any CPU
		{A2C44F5B-1945-4125-BBCE-694D5C8F59EE}.Release|Any CPU.ActiveCfg = Release|Any CPU
		{A2C44F5B-1945-4125-BBCE-694D5C8F59EE}.Release|Any CPU.Build.0 = Release|Any CPU
		{A2C44F5B-1945-4125-BBCE-694D5C8F59EE}.Release|x64.ActiveCfg = Release|Any CPU
		{A2C44F5B-1945-4125-BBCE-694D5C8F59EE}.Release|x64.Build.0 = Release|Any CPU
		{A2C44F5B-1945-4125-BBCE-694D5C8F59EE}.Release|x86.ActiveCfg = Release|Any CPU
		{A2C44F5B-1945-4125-BBCE-694D5C8F59EE}.Release|x86.Build.0 = Release|Any CPU
		{941C36A0-AE7A-4F6D-99D2-7D04F5609F58}.Debug|Any CPU.ActiveCfg = Debug|Any CPU
		{941C36A0-AE7A-4F6D-99D2-7D04F5609F58}.Debug|Any CPU.Build.0 = Debug|Any CPU
		{941C36A0-AE7A-4F6D-99D2-7D04F5609F58}.Debug|x64.ActiveCfg = Debug|Any CPU
		{941C36A0-AE7A-4F6D-99D2-7D04F5609F58}.Debug|x64.Build.0 = Debug|Any CPU
		{941C36A0-AE7A-4F6D-99D2-7D04F5609F58}.Debug|x86.ActiveCfg = Debug|Any CPU
		{941C36A0-AE7A-4F6D-99D2-7D04F5609F58}.Debug|x86.Build.0 = Debug|Any CPU
		{941C36A0-AE7A-4F6D-99D2-7D04F5609F58}.Release|Any CPU.ActiveCfg = Release|Any CPU
		{941C36A0-AE7A-4F6D-99D2-7D04F5609F58}.Release|Any CPU.Build.0 = Release|Any CPU
		{941C36A0-AE7A-4F6D-99D2-7D04F5609F58}.Release|x64.ActiveCfg = Release|Any CPU
		{941C36A0-AE7A-4F6D-99D2-7D04F5609F58}.Release|x64.Build.0 = Release|Any CPU
		{941C36A0-AE7A-4F6D-99D2-7D04F5609F58}.Release|x86.ActiveCfg = Release|Any CPU
		{941C36A0-AE7A-4F6D-99D2-7D04F5609F58}.Release|x86.Build.0 = Release|Any CPU
		{262C35D6-B075-4580-A80B-28CCD43709D1}.Debug|Any CPU.ActiveCfg = Debug|Any CPU
		{262C35D6-B075-4580-A80B-28CCD43709D1}.Debug|Any CPU.Build.0 = Debug|Any CPU
		{262C35D6-B075-4580-A80B-28CCD43709D1}.Debug|x64.ActiveCfg = Debug|Any CPU
		{262C35D6-B075-4580-A80B-28CCD43709D1}.Debug|x64.Build.0 = Debug|Any CPU
		{262C35D6-B075-4580-A80B-28CCD43709D1}.Debug|x86.ActiveCfg = Debug|Any CPU
		{262C35D6-B075-4580-A80B-28CCD43709D1}.Debug|x86.Build.0 = Debug|Any CPU
		{262C35D6-B075-4580-A80B-28CCD43709D1}.Release|Any CPU.ActiveCfg = Release|Any CPU
		{262C35D6-B075-4580-A80B-28CCD43709D1}.Release|Any CPU.Build.0 = Release|Any CPU
		{262C35D6-B075-4580-A80B-28CCD43709D1}.Release|x64.ActiveCfg = Release|Any CPU
		{262C35D6-B075-4580-A80B-28CCD43709D1}.Release|x64.Build.0 = Release|Any CPU
		{262C35D6-B075-4580-A80B-28CCD43709D1}.Release|x86.ActiveCfg = Release|Any CPU
		{262C35D6-B075-4580-A80B-28CCD43709D1}.Release|x86.Build.0 = Release|Any CPU
		{223A03B1-3C2C-4486-BC26-36DE407D1EBE}.Debug|Any CPU.ActiveCfg = Debug|Any CPU
		{223A03B1-3C2C-4486-BC26-36DE407D1EBE}.Debug|Any CPU.Build.0 = Debug|Any CPU
		{223A03B1-3C2C-4486-BC26-36DE407D1EBE}.Debug|x64.ActiveCfg = Debug|Any CPU
		{223A03B1-3C2C-4486-BC26-36DE407D1EBE}.Debug|x64.Build.0 = Debug|Any CPU
		{223A03B1-3C2C-4486-BC26-36DE407D1EBE}.Debug|x86.ActiveCfg = Debug|Any CPU
		{223A03B1-3C2C-4486-BC26-36DE407D1EBE}.Debug|x86.Build.0 = Debug|Any CPU
		{223A03B1-3C2C-4486-BC26-36DE407D1EBE}.Release|Any CPU.ActiveCfg = Release|Any CPU
		{223A03B1-3C2C-4486-BC26-36DE407D1EBE}.Release|Any CPU.Build.0 = Release|Any CPU
		{223A03B1-3C2C-4486-BC26-36DE407D1EBE}.Release|x64.ActiveCfg = Release|Any CPU
		{223A03B1-3C2C-4486-BC26-36DE407D1EBE}.Release|x64.Build.0 = Release|Any CPU
		{223A03B1-3C2C-4486-BC26-36DE407D1EBE}.Release|x86.ActiveCfg = Release|Any CPU
		{223A03B1-3C2C-4486-BC26-36DE407D1EBE}.Release|x86.Build.0 = Release|Any CPU
		{4D0BF86F-ED3E-4E11-8D96-97ADD5B49565}.Debug|Any CPU.ActiveCfg = Debug|Any CPU
		{4D0BF86F-ED3E-4E11-8D96-97ADD5B49565}.Debug|Any CPU.Build.0 = Debug|Any CPU
		{4D0BF86F-ED3E-4E11-8D96-97ADD5B49565}.Debug|x64.ActiveCfg = Debug|Any CPU
		{4D0BF86F-ED3E-4E11-8D96-97ADD5B49565}.Debug|x64.Build.0 = Debug|Any CPU
		{4D0BF86F-ED3E-4E11-8D96-97ADD5B49565}.Debug|x86.ActiveCfg = Debug|Any CPU
		{4D0BF86F-ED3E-4E11-8D96-97ADD5B49565}.Debug|x86.Build.0 = Debug|Any CPU
		{4D0BF86F-ED3E-4E11-8D96-97ADD5B49565}.Release|Any CPU.ActiveCfg = Release|Any CPU
		{4D0BF86F-ED3E-4E11-8D96-97ADD5B49565}.Release|Any CPU.Build.0 = Release|Any CPU
		{4D0BF86F-ED3E-4E11-8D96-97ADD5B49565}.Release|x64.ActiveCfg = Release|Any CPU
		{4D0BF86F-ED3E-4E11-8D96-97ADD5B49565}.Release|x64.Build.0 = Release|Any CPU
		{4D0BF86F-ED3E-4E11-8D96-97ADD5B49565}.Release|x86.ActiveCfg = Release|Any CPU
		{4D0BF86F-ED3E-4E11-8D96-97ADD5B49565}.Release|x86.Build.0 = Release|Any CPU
		{7D8B2C66-D0F9-40B0-95B3-EF93F1E90608}.Debug|Any CPU.ActiveCfg = Debug|Any CPU
		{7D8B2C66-D0F9-40B0-95B3-EF93F1E90608}.Debug|Any CPU.Build.0 = Debug|Any CPU
		{7D8B2C66-D0F9-40B0-95B3-EF93F1E90608}.Debug|x64.ActiveCfg = Debug|Any CPU
		{7D8B2C66-D0F9-40B0-95B3-EF93F1E90608}.Debug|x64.Build.0 = Debug|Any CPU
		{7D8B2C66-D0F9-40B0-95B3-EF93F1E90608}.Debug|x86.ActiveCfg = Debug|Any CPU
		{7D8B2C66-D0F9-40B0-95B3-EF93F1E90608}.Debug|x86.Build.0 = Debug|Any CPU
		{7D8B2C66-D0F9-40B0-95B3-EF93F1E90608}.Release|Any CPU.ActiveCfg = Release|Any CPU
		{7D8B2C66-D0F9-40B0-95B3-EF93F1E90608}.Release|Any CPU.Build.0 = Release|Any CPU
		{7D8B2C66-D0F9-40B0-95B3-EF93F1E90608}.Release|x64.ActiveCfg = Release|Any CPU
		{7D8B2C66-D0F9-40B0-95B3-EF93F1E90608}.Release|x64.Build.0 = Release|Any CPU
		{7D8B2C66-D0F9-40B0-95B3-EF93F1E90608}.Release|x86.ActiveCfg = Release|Any CPU
		{7D8B2C66-D0F9-40B0-95B3-EF93F1E90608}.Release|x86.Build.0 = Release|Any CPU
		{E10BF2FD-EB2F-45CC-832F-F8BA600C2A8D}.Debug|Any CPU.ActiveCfg = Debug|Any CPU
		{E10BF2FD-EB2F-45CC-832F-F8BA600C2A8D}.Debug|Any CPU.Build.0 = Debug|Any CPU
		{E10BF2FD-EB2F-45CC-832F-F8BA600C2A8D}.Debug|x64.ActiveCfg = Debug|Any CPU
		{E10BF2FD-EB2F-45CC-832F-F8BA600C2A8D}.Debug|x64.Build.0 = Debug|Any CPU
		{E10BF2FD-EB2F-45CC-832F-F8BA600C2A8D}.Debug|x86.ActiveCfg = Debug|Any CPU
		{E10BF2FD-EB2F-45CC-832F-F8BA600C2A8D}.Debug|x86.Build.0 = Debug|Any CPU
		{E10BF2FD-EB2F-45CC-832F-F8BA600C2A8D}.Release|Any CPU.ActiveCfg = Release|Any CPU
		{E10BF2FD-EB2F-45CC-832F-F8BA600C2A8D}.Release|Any CPU.Build.0 = Release|Any CPU
		{E10BF2FD-EB2F-45CC-832F-F8BA600C2A8D}.Release|x64.ActiveCfg = Release|Any CPU
		{E10BF2FD-EB2F-45CC-832F-F8BA600C2A8D}.Release|x64.Build.0 = Release|Any CPU
		{E10BF2FD-EB2F-45CC-832F-F8BA600C2A8D}.Release|x86.ActiveCfg = Release|Any CPU
		{E10BF2FD-EB2F-45CC-832F-F8BA600C2A8D}.Release|x86.Build.0 = Release|Any CPU
		{1E630E63-0D04-451F-BBE9-F21BE653058B}.Debug|Any CPU.ActiveCfg = Debug|Any CPU
		{1E630E63-0D04-451F-BBE9-F21BE653058B}.Debug|Any CPU.Build.0 = Debug|Any CPU
		{1E630E63-0D04-451F-BBE9-F21BE653058B}.Debug|x64.ActiveCfg = Debug|Any CPU
		{1E630E63-0D04-451F-BBE9-F21BE653058B}.Debug|x64.Build.0 = Debug|Any CPU
		{1E630E63-0D04-451F-BBE9-F21BE653058B}.Debug|x86.ActiveCfg = Debug|Any CPU
		{1E630E63-0D04-451F-BBE9-F21BE653058B}.Debug|x86.Build.0 = Debug|Any CPU
		{1E630E63-0D04-451F-BBE9-F21BE653058B}.Release|Any CPU.ActiveCfg = Release|Any CPU
		{1E630E63-0D04-451F-BBE9-F21BE653058B}.Release|Any CPU.Build.0 = Release|Any CPU
		{1E630E63-0D04-451F-BBE9-F21BE653058B}.Release|x64.ActiveCfg = Release|Any CPU
		{1E630E63-0D04-451F-BBE9-F21BE653058B}.Release|x64.Build.0 = Release|Any CPU
		{1E630E63-0D04-451F-BBE9-F21BE653058B}.Release|x86.ActiveCfg = Release|Any CPU
		{1E630E63-0D04-451F-BBE9-F21BE653058B}.Release|x86.Build.0 = Release|Any CPU
	EndGlobalSection
	GlobalSection(SolutionProperties) = preSolution
		HideSolutionNode = FALSE
	EndGlobalSection
	GlobalSection(NestedProjects) = preSolution
		{0F9113EE-888A-26D2-68B0-4A7D0A2A8745} = {1AE8ACA6-933B-BF2A-3671-3E2EAC007D16}
		{D1A1A1A1-0000-0000-0000-000000000001} = {208BA388-4CEE-2CBF-559C-5607C099C1F8}
		{D1A1A1A1-0000-0000-0000-000000000002} = {208BA388-4CEE-2CBF-559C-5607C099C1F8}
		{D1A1A1A1-0000-0000-0000-000000000003} = {D1A1A1A1-0000-0000-0000-000000000002}
		{D1A1A1A1-0000-0000-0000-000000000004} = {208BA388-4CEE-2CBF-559C-5607C099C1F8}
		{D1A1A1A1-0000-0000-0000-000000000005} = {208BA388-4CEE-2CBF-559C-5607C099C1F8}
		{D1A1A1A1-0000-0000-0000-000000000006} = {208BA388-4CEE-2CBF-559C-5607C099C1F8}
		{D1A1A1A1-0000-0000-0000-000000000007} = {208BA388-4CEE-2CBF-559C-5607C099C1F8}
		{D1A1A1A1-0000-0000-0000-000000000008} = {208BA388-4CEE-2CBF-559C-5607C099C1F8}
		{8423791E-B092-4766-97A6-1FAD65B23A96} = {0F9113EE-888A-26D2-68B0-4A7D0A2A8745}
		{87417921-0C66-4A75-9E09-E9169C187BC2} = {0F9113EE-888A-26D2-68B0-4A7D0A2A8745}
		{8B443B5B-B74A-4E99-B1D6-264A7EA64788} = {0F9113EE-888A-26D2-68B0-4A7D0A2A8745}
		{A2C44F5B-1945-4125-BBCE-694D5C8F59EE} = {0F9113EE-888A-26D2-68B0-4A7D0A2A8745}
		{941C36A0-AE7A-4F6D-99D2-7D04F5609F58} = {0F9113EE-888A-26D2-68B0-4A7D0A2A8745}
		{262C35D6-B075-4580-A80B-28CCD43709D1} = {0F9113EE-888A-26D2-68B0-4A7D0A2A8745}
		{223A03B1-3C2C-4486-BC26-36DE407D1EBE} = {0AB3BF05-4346-4AA6-1389-037BE0695223}
		{4D0BF86F-ED3E-4E11-8D96-97ADD5B49565} = {0F9113EE-888A-26D2-68B0-4A7D0A2A8745}
		{7D8B2C66-D0F9-40B0-95B3-EF93F1E90608} = {0AB3BF05-4346-4AA6-1389-037BE0695223}
		{E10BF2FD-EB2F-45CC-832F-F8BA600C2A8D} = {0F9113EE-888A-26D2-68B0-4A7D0A2A8745}
		{1E630E63-0D04-451F-BBE9-F21BE653058B} = {0AB3BF05-4346-4AA6-1389-037BE0695223}
	EndGlobalSection
EndGlobal
